
Microsoft Visual Studio Solution File, Format Version 12.00
# Visual Studio Version 16
VisualStudioVersion = 16.0.30523.141
MinimumVisualStudioVersion = 10.0.40219.1
Project("{FAE04EC0-301F-11D3-BF4B-00C04F79EFBC}") = "Note.Android", "Note\Note.Android\Note.Android.csproj", "{4C069A69-FCF3-4792-B1A8-070F961785F9}"
EndProject
Project("{FAE04EC0-301F-11D3-BF4B-00C04F79EFBC}") = "Note.iOS", "Note\Note.iOS\Note.iOS.csproj", "{F3A777DA-4634-4DCE-AE25-45E6DC577E11}"
EndProject
Project("{FAE04EC0-301F-11D3-BF4B-00C04F79EFBC}") = "Note", "Note\Note\Note.csproj", "{AE87D3F4-7E1E-4C12-9C18-60F60AA3ADB9}"
EndProject
Global
	GlobalSection(SolutionConfigurationPlatforms) = preSolution
		Debug|Any CPU = Debug|Any CPU
		Debug|iPhone = Debug|iPhone
		Debug|iPhoneSimulator = Debug|iPhoneSimulator
		Release|Any CPU = Release|Any CPU
		Release|iPhone = Release|iPhone
		Release|iPhoneSimulator = Release|iPhoneSimulator
	EndGlobalSection
	GlobalSection(ProjectConfigurationPlatforms) = postSolution
		{4C069A69-FCF3-4792-B1A8-070F961785F9}.Debug|Any CPU.ActiveCfg = Debug|Any CPU
		{4C069A69-FCF3-4792-B1A8-070F961785F9}.Debug|Any CPU.Build.0 = Debug|Any CPU
		{4C069A69-FCF3-4792-B1A8-070F961785F9}.Debug|Any CPU.Deploy.0 = Debug|Any CPU
		{4C069A69-FCF3-4792-B1A8-070F961785F9}.Debug|iPhone.ActiveCfg = Debug|Any CPU
		{4C069A69-FCF3-4792-B1A8-070F961785F9}.Debug|iPhone.Build.0 = Debug|Any CPU
		{4C069A69-FCF3-4792-B1A8-070F961785F9}.Debug|iPhone.Deploy.0 = Debug|Any CPU
		{4C069A69-FCF3-4792-B1A8-070F961785F9}.Debug|iPhoneSimulator.ActiveCfg = Debug|Any CPU
		{4C069A69-FCF3-4792-B1A8-070F961785F9}.Debug|iPhoneSimulator.Build.0 = Debug|Any CPU
		{4C069A69-FCF3-4792-B1A8-070F961785F9}.Debug|iPhoneSimulator.Deploy.0 = Debug|Any CPU
		{4C069A69-FCF3-4792-B1A8-070F961785F9}.Release|Any CPU.ActiveCfg = Release|Any CPU
		{4C069A69-FCF3-4792-B1A8-070F961785F9}.Release|Any CPU.Build.0 = Release|Any CPU
		{4C069A69-FCF3-4792-B1A8-070F961785F9}.Release|Any CPU.Deploy.0 = Release|Any CPU
		{4C069A69-FCF3-4792-B1A8-070F961785F9}.Release|iPhone.ActiveCfg = Release|Any CPU
		{4C069A69-FCF3-4792-B1A8-070F961785F9}.Release|iPhone.Build.0 = Release|Any CPU
		{4C069A69-FCF3-4792-B1A8-070F961785F9}.Release|iPhone.Deploy.0 = Release|Any CPU
		{4C069A69-FCF3-4792-B1A8-070F961785F9}.Release|iPhoneSimulator.ActiveCfg = Release|Any CPU
		{4C069A69-FCF3-4792-B1A8-070F961785F9}.Release|iPhoneSimulator.Build.0 = Release|Any CPU
		{4C069A69-FCF3-4792-B1A8-070F961785F9}.Release|iPhoneSimulator.Deploy.0 = Release|Any CPU
		{F3A777DA-4634-4DCE-AE25-45E6DC577E11}.Debug|Any CPU.ActiveCfg = Debug|iPhone
		{F3A777DA-4634-4DCE-AE25-45E6DC577E11}.Debug|Any CPU.Build.0 = Debug|iPhone
		{F3A777DA-4634-4DCE-AE25-45E6DC577E11}.Debug|Any CPU.Deploy.0 = Debug|iPhone
		{F3A777DA-4634-4DCE-AE25-45E6DC577E11}.Debug|iPhone.ActiveCfg = Debug|iPhone
		{F3A777DA-4634-4DCE-AE25-45E6DC577E11}.Debug|iPhone.Build.0 = Debug|iPhone
		{F3A777DA-4634-4DCE-AE25-45E6DC577E11}.Debug|iPhone.Deploy.0 = Debug|iPhone
		{F3A777DA-4634-4DCE-AE25-45E6DC577E11}.Debug|iPhoneSimulator.ActiveCfg = Debug|iPhoneSimulator
		{F3A777DA-4634-4DCE-AE25-45E6DC577E11}.Debug|iPhoneSimulator.Build.0 = Debug|iPhoneSimulator
		{F3A777DA-4634-4DCE-AE25-45E6DC577E11}.Debug|iPhoneSimulator.Deploy.0 = Debug|iPhoneSimulator
		{F3A777DA-4634-4DCE-AE25-45E6DC577E11}.Release|Any CPU.ActiveCfg = Release|iPhoneSimulator
		{F3A777DA-4634-4DCE-AE25-45E6DC577E11}.Release|Any CPU.Build.0 = Release|iPhoneSimulator
		{F3A777DA-4634-4DCE-AE25-45E6DC577E11}.Release|Any CPU.Deploy.0 = Release|iPhoneSimulator
		{F3A777DA-4634-4DCE-AE25-45E6DC577E11}.Release|iPhone.ActiveCfg = Release|iPhone
		{F3A777DA-4634-4DCE-AE25-45E6DC577E11}.Release|iPhone.Build.0 = Release|iPhone
		{F3A777DA-4634-4DCE-AE25-45E6DC577E11}.Release|iPhone.Deploy.0 = Release|iPhone
		{F3A777DA-4634-4DCE-AE25-45E6DC577E11}.Release|iPhoneSimulator.ActiveCfg = Release|iPhoneSimulator
		{F3A777DA-4634-4DCE-AE25-45E6DC577E11}.Release|iPhoneSimulator.Build.0 = Release|iPhoneSimulator
		{F3A777DA-4634-4DCE-AE25-45E6DC577E11}.Release|iPhoneSimulator.Deploy.0 = Release|iPhoneSimulator
		{AE87D3F4-7E1E-4C12-9C18-60F60AA3ADB9}.Debug|Any CPU.ActiveCfg = Debug|Any CPU
		{AE87D3F4-7E1E-4C12-9C18-60F60AA3ADB9}.Debug|Any CPU.Build.0 = Debug|Any CPU
		{AE87D3F4-7E1E-4C12-9C18-60F60AA3ADB9}.Debug|Any CPU.Deploy.0 = Debug|Any CPU
		{AE87D3F4-7E1E-4C12-9C18-60F60AA3ADB9}.Debug|iPhone.ActiveCfg = Debug|Any CPU
		{AE87D3F4-7E1E-4C12-9C18-60F60AA3ADB9}.Debug|iPhone.Build.0 = Debug|Any CPU
		{AE87D3F4-7E1E-4C12-9C18-60F60AA3ADB9}.Debug|iPhone.Deploy.0 = Debug|Any CPU
		{AE87D3F4-7E1E-4C12-9C18-60F60AA3ADB9}.Debug|iPhoneSimulator.ActiveCfg = Debug|Any CPU
		{AE87D3F4-7E1E-4C12-9C18-60F60AA3ADB9}.Debug|iPhoneSimulator.Build.0 = Debug|Any CPU
		{AE87D3F4-7E1E-4C12-9C18-60F60AA3ADB9}.Debug|iPhoneSimulator.Deploy.0 = Debug|Any CPU
		{AE87D3F4-7E1E-4C12-9C18-60F60AA3ADB9}.Release|Any CPU.ActiveCfg = Release|Any CPU
		{AE87D3F4-7E1E-4C12-9C18-60F60AA3ADB9}.Release|Any CPU.Build.0 = Release|Any CPU
		{AE87D3F4-7E1E-4C12-9C18-60F60AA3ADB9}.Release|Any CPU.Deploy.0 = Release|Any CPU
		{AE87D3F4-7E1E-4C12-9C18-60F60AA3ADB9}.Release|iPhone.ActiveCfg = Release|Any CPU
		{AE87D3F4-7E1E-4C12-9C18-60F60AA3ADB9}.Release|iPhone.Build.0 = Release|Any CPU
		{AE87D3F4-7E1E-4C12-9C18-60F60AA3ADB9}.Release|iPhone.Deploy.0 = Release|Any CPU
		{AE87D3F4-7E1E-4C12-9C18-60F60AA3ADB9}.Release|iPhoneSimulator.ActiveCfg = Release|Any CPU
		{AE87D3F4-7E1E-4C12-9C18-60F60AA3ADB9}.Release|iPhoneSimulator.Build.0 = Release|Any CPU
		{AE87D3F4-7E1E-4C12-9C18-60F60AA3ADB9}.Release|iPhoneSimulator.Deploy.0 = Release|Any CPU
	EndGlobalSection
	GlobalSection(SolutionProperties) = preSolution
		HideSolutionNode = FALSE
	EndGlobalSection
	GlobalSection(ExtensibilityGlobals) = postSolution
		SolutionGuid = {2D0D4775-E443-4AB0-892A-2C8101FFD6C6}
	EndGlobalSection
EndGlobal
